PODS:
  - Alamofire (4.5.1)
  - Toast-Swift (3.0.1)
  - ZAlertView (1.0.4)

DEPENDENCIES:
  - Alamofire (~> 4.5)
  - Toast-Swift (~> 3.0.1)
  - ZAlertView

SPEC CHECKSUMS:
  Alamofire: 2d95912bf4c34f164fdfc335872e8c312acaea4a
  Toast-Swift: ba0b01b095aada709d915f9beb1d38184a2721c3
  ZAlertView: 59fffdb4e37a01df461835566d5101052b8af953

PODFILE CHECKSUM: dc5377f6b932b217a05d0f1df6b542a12580cc19

COCOAPODS: 1.4.0
